Microsoft Visual Studio Solution File, Format Version 12.00
# Visual Studio Version 17
VisualStudioVersion = 17.0.31423.177
MinimumVisualStudioVersion = 10.0.40219.1
Project("{9A19103F-16F7-4668-BE54-9A1E7A4F7556}") = "TechJobsOO", "TechJobsOO\TechJobsOO.csproj", "{C76D48E1-4C5C-4DB4-89A2-DBACCF4CBE4F}"
EndProject
Project("{FAE04EC0-301F-11D3-BF4B-00C04F79EFBC}") = "TechJobsTests", "TechJobsTests\TechJobsTests.csproj", "{0AAA0343-BB66-4C71-BAA2-B333C99D699E}"
	ProjectSection(ProjectDependencies) = postProject
		{C76D48E1-4C5C-4DB4-89A2-DBACCF4CBE4F} = {C76D48E1-4C5C-4DB4-89A2-DBACCF4CBE4F}
	EndProjectSection
EndProject
Global
	GlobalSection(SolutionConfigurationPlatforms) = preSolution
		Debug|Any CPU = Debug|Any CPU
		Release|Any CPU = Release|Any CPU
	EndGlobalSection
	GlobalSection(ProjectConfigurationPlatforms) = postSolution
		{C76D48E1-4C5C-4DB4-89A2-DBACCF4CBE4F}.Debug|Any CPU.ActiveCfg = Debug|Any CPU
		{C76D48E1-4C5C-4DB4-89A2-DBACCF4CBE4F}.Debug|Any CPU.Build.0 = Debug|Any CPU
		{C76D48E1-4C5C-4DB4-89A2-DBACCF4CBE4F}.Release|Any CPU.ActiveCfg = Release|Any CPU
		{C76D48E1-4C5C-4DB4-89A2-DBACCF4CBE4F}.Release|Any CPU.Build.0 = Release|Any CPU
		{0AAA0343-BB66-4C71-BAA2-B333C99D699E}.Debug|Any CPU.ActiveCfg = Debug|Any CPU
		{0AAA0343-BB66-4C71-BAA2-B333C99D699E}.Debug|Any CPU.Build.0 = Debug|Any CPU
		{0AAA0343-BB66-4C71-BAA2-B333C99D699E}.Release|Any CPU.ActiveCfg = Release|Any CPU
		{0AAA0343-BB66-4C71-BAA2-B333C99D699E}.Release|Any CPU.Build.0 = Release|Any CPU
	EndGlobalSection
	GlobalSection(SolutionProperties) = preSolution
		HideSolutionNode = FALSE
	EndGlobalSection
	GlobalSection(ExtensibilityGlobals) = postSolution
		SolutionGuid = {EEAB6B35-530F-494C-B710-B3C8C0922E16}
	EndGlobalSection
EndGlobal
